
Microsoft Visual Studio Solution File, Format Version 12.00
# Visual Studio Version 17
VisualStudioVersion = 17.3.32901.215
MinimumVisualStudioVersion = 10.0.40219.1
Project("{FAE04EC0-301F-11D3-BF4B-00C04F79EFBC}") = "BossTweet", "BossTweet.csproj", "{1A49CCE4-8C2A-4DD7-BEF5-27220BFDC653}"
EndProject
Global
	GlobalSection(SolutionConfigurationPlatforms) = preSolution
		Debug|Any CPU = Debug|Any CPU
		Release|Any CPU = Release|Any CPU
	EndGlobalSection
	GlobalSection(ProjectConfigurationPlatforms) = postSolution
		{1A49CCE4-8C2A-4DD7-BEF5-27220BFDC653}.Debug|Any CPU.ActiveCfg = Debug|Any CPU
		{1A49CCE4-8C2A-4DD7-BEF5-27220BFDC653}.Debug|Any CPU.Build.0 = Debug|Any CPU
		{1A49CCE4-8C2A-4DD7-BEF5-27220BFDC653}.Release|Any CPU.ActiveCfg = Release|Any CPU
		{1A49CCE4-8C2A-4DD7-BEF5-27220BFDC653}.Release|Any CPU.Build.0 = Release|Any CPU
	EndGlobalSection
	GlobalSection(SolutionProperties) = preSolution
		HideSolutionNode = FALSE
	EndGlobalSection
	GlobalSection(ExtensibilityGlobals) = postSolution
		SolutionGuid = {3479BAEA-7DD4-484A-9396-D3688F938EED}
	EndGlobalSection
EndGlobal
